
Microsoft Visual Studio Solution File, Format Version 12.00
# Visual Studio Version 16
VisualStudioVersion = 16.0.30128.74
MinimumVisualStudioVersion = 10.0.40219.1
Project("{9092AA53-FB77-4645-B42D-1CCCA6BD08BD}") = "rest-shop", "rest-shop.njsproj", "{32C0DF07-21CF-4FAF-8502-D6984B63B6F5}"
EndProject
Global
	GlobalSection(SolutionConfigurationPlatforms) = preSolution
		Debug|Any CPU = Debug|Any CPU
		Release|Any CPU = Release|Any CPU
	EndGlobalSection
	GlobalSection(ProjectConfigurationPlatforms) = postSolution
		{32C0DF07-21CF-4FAF-8502-D6984B63B6F5}.Debug|Any CPU.ActiveCfg = Debug|Any CPU
		{32C0DF07-21CF-4FAF-8502-D6984B63B6F5}.Debug|Any CPU.Build.0 = Debug|Any CPU
		{32C0DF07-21CF-4FAF-8502-D6984B63B6F5}.Release|Any CPU.ActiveCfg = Release|Any CPU
		{32C0DF07-21CF-4FAF-8502-D6984B63B6F5}.Release|Any CPU.Build.0 = Release|Any CPU
	EndGlobalSection
	GlobalSection(SolutionProperties) = preSolution
		HideSolutionNode = FALSE
	EndGlobalSection
	GlobalSection(ExtensibilityGlobals) = postSolution
		SolutionGuid = {1521B9D4-891D-48FE-8461-B213511A72E3}
	EndGlobalSection
EndGlobal
